
Microsoft Visual Studio Solution File, Format Version 12.00
# Visual Studio Version 17
VisualStudioVersion = 17.4.33213.308
MinimumVisualStudioVersion = 10.0.40219.1
Project("{FAE04EC0-301F-11D3-BF4B-00C04F79EFBC}") = "3 - Prova distruttore", "3 - Prova distruttore\3 - Prova distruttore.csproj", "{BDFF300F-387E-40F2-A81F-0A36B9BE207F}"
EndProject
Project("{FAE04EC0-301F-11D3-BF4B-00C04F79EFBC}") = "Classe3", "Classe3\Classe3.csproj", "{24F89049-7338-42E5-913A-9A70781B3EF9}"
EndProject
Global
	GlobalSection(SolutionConfigurationPlatforms) = preSolution
		Debug|Any CPU = Debug|Any CPU
		Release|Any CPU = Release|Any CPU
	EndGlobalSection
	GlobalSection(ProjectConfigurationPlatforms) = postSolution
		{BDFF300F-387E-40F2-A81F-0A36B9BE207F}.Debug|Any CPU.ActiveCfg = Debug|Any CPU
		{BDFF300F-387E-40F2-A81F-0A36B9BE207F}.Debug|Any CPU.Build.0 = Debug|Any CPU
		{BDFF300F-387E-40F2-A81F-0A36B9BE207F}.Release|Any CPU.ActiveCfg = Release|Any CPU
		{BDFF300F-387E-40F2-A81F-0A36B9BE207F}.Release|Any CPU.Build.0 = Release|Any CPU
		{24F89049-7338-42E5-913A-9A70781B3EF9}.Debug|Any CPU.ActiveCfg = Debug|Any CPU
		{24F89049-7338-42E5-913A-9A70781B3EF9}.Debug|Any CPU.Build.0 = Debug|Any CPU
		{24F89049-7338-42E5-913A-9A70781B3EF9}.Release|Any CPU.ActiveCfg = Release|Any CPU
		{24F89049-7338-42E5-913A-9A70781B3EF9}.Release|Any CPU.Build.0 = Release|Any CPU
	EndGlobalSection
	GlobalSection(SolutionProperties) = preSolution
		HideSolutionNode = FALSE
	EndGlobalSection
	GlobalSection(ExtensibilityGlobals) = postSolution
		SolutionGuid = {0C6C8CBB-C502-4F22-A274-543A32B4AD61}
	EndGlobalSection
EndGlobal
